// !$*UTF8*$!
{
	archiveVersion = 1;
	classes = {
	};
	objectVersion = 46;
	objects = {

/* Begin PBXBuildFile section */
		49856C741DFA7AB3001DD3AE /* main.m in Sources */ = {isa = PBXBuildFile; fileRef = 49856C731DFA7AB3001DD3AE /* main.m */; };
		49F421FE1DFDA51D00932D7D /* Person.m in Sources */ = {isa = PBXBuildFile; fileRef = 49F421FD1DFDA51D00932D7D /* Person.m */; };
		49F422011DFF2B9E00932D7D /* FighterPerson.m in Sources */ = {isa = PBXBuildFile; fileRef = 49F422001DFF2B9E00932D7D /* FighterPerson.m */; };
/* End PBXBuildFile section */

/* Begin PBXCopyFilesBuildPhase section */
		49856C6E1DFA7AB3001DD3AE /* CopyFiles */ = {
			isa = PBXCopyFilesBuildPhase;
			buildActionMask = 2147483647;
			dstPath = /usr/share/man/man1/;
			dstSubfolderSpec = 0;
			files = (
			);
			runOnlyForDeploymentPostprocessing = 1;
		};
/* End PBXCopyFilesBuildPhase section */

/* Begin PBXFileReference section */
		49856C701DFA7AB3001DD3AE /* LearnObjectiveC */ = {isa = PBXFileReference; explicitFileType = "compiled.mach-o.executable"; includeInIndex = 0; path = LearnObjectiveC; sourceTree = BUILT_PRODUCTS_DIR; };
		49856C731DFA7AB3001DD3AE /* main.m */ = {isa = PBXFileReference; lastKnownFileType = sourcecode.c.objc; path = main.m; sourceTree = "<group>"; };
		49F421FB1DFDA4D300932D7D /* Person.h */ = {isa = PBXFileReference; lastKnownFileType = sourcecode.c.h; path = Person.h; sourceTree = "<group>"; };
		49F421FD1DFDA51D00932D7D /* Person.m */ = {isa = PBXFileReference; fileEncoding = 4; lastKnownFileType = sourcecode.c.objc; path = Person.m; sourceTree = "<group>"; };
		49F421FF1DFF2B7100932D7D /* FighterPerson.h */ = {isa = PBXFileReference; fileEncoding = 4; lastKnownFileType = sourcecode.c.h; path = FighterPerson.h; sourceTree = "<group>"; };
		49F422001DFF2B9E00932D7D /* FighterPerson.m */ = {isa = PBXFileReference; fileEncoding = 4; lastKnownFileType = sourcecode.c.objc; path = FighterPerson.m; sourceTree = "<group>"; };
/* End PBXFileReference section */

/* Begin PBXFrameworksBuildPhase section */
		49856C6D1DFA7AB3001DD3AE /* Frameworks */ = {
			isa = PBXFrameworksBuildPhase;
			buildActionMask = 2147483647;
			files = (
			);
			runOnlyForDeploymentPostprocessing = 0;
		};
/* End PBXFrameworksBuildPhase section */

/* Begin PBXGroup section */
		49856C671DFA7AB3001DD3AE = {
			isa = PBXGroup;
			children = (
				49856C721DFA7AB3001DD3AE /* LearnObjectiveC */,
				49856C711DFA7AB3001DD3AE /* Products */,
			);
			sourceTree = "<group>";
		};
		49856C711DFA7AB3001DD3AE /* Products */ = {
			isa = PBXGroup;
			children = (
				49856C701DFA7AB3001DD3AE /* LearnObjectiveC */,
			);
			name = Products;
			sourceTree = "<group>";
		};
		49856C721DFA7AB3001DD3AE /* LearnObjectiveC */ = {
			isa = PBXGroup;
			children = (
				49856C731DFA7AB3001DD3AE /* main.m */,
				49F421FB1DFDA4D300932D7D /* Person.h */,
				49F421FD1DFDA51D00932D7D /* Person.m */,
				49F421FF1DFF2B7100932D7D /* FighterPerson.h */,
				49F422001DFF2B9E00932D7D /* FighterPerson.m */,
			);
			path = LearnObjectiveC;
			sourceTree = "<group>";
		};
/* End PBXGroup section */

/* Begin PBXNativeTarget section */
		49856C6F1DFA7AB3001DD3AE /* LearnObjectiveC */ = {
			isa = PBXNativeTarget;
			buildConfigurationList = 49856C771DFA7AB3001DD3AE /* Build configuration list for PBXNativeTarget "LearnObjectiveC" */;
			buildPhases = (
				49856C6C1DFA7AB3001DD3AE /* Sources */,
				49856C6D1DFA7AB3001DD3AE /* Frameworks */,
				49856C6E1DFA7AB3001DD3AE /* CopyFiles */,
			);
			buildRules = (
			);
			dependencies = (
			);
			name = LearnObjectiveC;
			productName = LearnObjectiveC;
			productReference = 49856C701DFA7AB3001DD3AE /* LearnObjectiveC */;
			productType = "com.apple.product-type.tool";
		};
/* End PBXNativeTarget section */

/* Begin PBXProject section */
		49856C681DFA7AB3001DD3AE /* Project object */ = {
			isa = PBXProject;
			attributes = {
				LastUpgradeCheck = 0810;
				ORGANIZATIONNAME = "andrew ananta";
				TargetAttributes = {
					49856C6F1DFA7AB3001DD3AE = {
						CreatedOnToolsVersion = 8.1;
						ProvisioningStyle = Automatic;
					};
				};
			};
			buildConfigurationList = 49856C6B1DFA7AB3001DD3AE /* Build configuration list for PBXProject "LearnObjectiveC" */;
			compatibilityVersion = "Xcode 3.2";
			developmentRegion = English;
			hasScannedForEncodings = 0;
			knownRegions = (
				en,
			);
			mainGroup = 49856C671DFA7AB3001DD3AE;
			productRefGroup = 49856C711DFA7AB3001DD3AE /* Products */;
			projectDirPath = "";
			projectRoot = "";
			targets = (
				49856C6F1DFA7AB3001DD3AE /* LearnObjectiveC */,
			);
		};
/* End PBXProject section */

/* Begin PBXSourcesBuildPhase section */
		49856C6C1DFA7AB3001DD3AE /* Sources */ = {
			isa = PBXSourcesBuildPhase;
			buildActionMask = 2147483647;
			files = (
				49F421FE1DFDA51D00932D7D /* Person.m in Sources */,
				49F422011DFF2B9E00932D7D /* FighterPerson.m in Sources */,
				49856C741DFA7AB3001DD3AE /* main.m in Sources */,
			);
			runOnlyForDeploymentPostprocessing = 0;
		};
/* End PBXSourcesBuildPhase section */

/* Begin XCBuildConfiguration section */
		49856C751DFA7AB3001DD3AE /* Debug */ = {
			isa = XCBuildConfiguration;
			buildSettings = {
				ALWAYS_SEARCH_USER_PATHS = NO;
				CLANG_ANALYZER_NONNULL = YES;
				CLANG_CXX_LANGUAGE_STANDARD = "gnu++0x";
				CLANG_CXX_LIBRARY = "libc++";
				CLANG_ENABLE_MODULES = YES;
				CLANG_ENABLE_OBJC_ARC = YES;
				CLANG_WARN_BOOL_CONVERSION = YES;
				CLANG_WARN_CONSTANT_CONVERSION = YES;
				CLANG_WARN_DIRECT_OBJC_ISA_USAGE = YES_ERROR;
				CLANG_WARN_DOCUMENTATION_COMMENTS = YES;
				CLANG_WARN_EMPTY_BODY = YES;
				CLANG_WARN_ENUM_CONVERSION = YES;
				CLANG_WARN_INFINITE_RECURSION = YES;
				CLANG_WARN_INT_CONVERSION = YES;
				CLANG_WARN_OBJC_ROOT_CLASS = YES_ERROR;
				CLANG_WARN_SUSPICIOUS_MOVES = YES;
				CLANG_WARN_UNREACHABLE_CODE = YES;
				CLANG_WARN__DUPLICATE_METHOD_MATCH = YES;
				CODE_SIGN_IDENTITY = "-";
				COPY_PHASE_STRIP = NO;
				DEBUG_ACTIVITY_MODE = "";
				DEBUG_INFORMATION_FORMAT = dwarf;
				ENABLE_STRICT_OBJC_MSGSEND = YES;
				ENABLE_TESTABILITY = YES;
				GCC_C_LANGUAGE_STANDARD = gnu99;
				GCC_DYNAMIC_NO_PIC = NO;
				GCC_NO_COMMON_BLOCKS = YES;
				GCC_OPTIMIZATION_LEVEL = 0;
				GCC_PREPROCESSOR_DEFINITIONS = (
					"DEBUG=1",
					"$(inherited)",
				);
				GCC_WARN_64_TO_32_BIT_CONVERSION = YES;
				GCC_WARN_ABOUT_RETURN_TYPE = YES_ERROR;
				GCC_WARN_UNDECLARED_SELECTOR = YES;
				GCC_WARN_UNINITIALIZED_AUTOS = YES_AGGRESSIVE;
				GCC_WARN_UNUSED_FUNCTION = YES;
				GCC_WARN_UNUSED_VARIABLE = YES;
				MACOSX_DEPLOYMENT_TARGET = 10.12;
				ONLY_ACTIVE_ARCH = YES;
				SDKROOT = macosx;
			};
			name = Debug;
		};
		49856C761DFA7AB3001DD3AE /* Release */ = {
			isa = XCBuildConfiguration;
			buildSettings = {
				ALWAYS_SEARCH_USER_PATHS = NO;
				CLANG_ANALYZER_NONNULL = YES;
				CLANG_CXX_LANGUAGE_STANDARD = "gnu++0x";
				CLANG_CXX_LIBRARY = "libc++";
				CLANG_ENABLE_MODULES = YES;
				CLANG_ENABLE_OBJC_ARC = YES;
				CLANG_WARN_BOOL_CONVERSION = YES;
				CLANG_WARN_CONSTANT_CONVERSION = YES;
				CLANG_WARN_DIRECT_OBJC_ISA_USAGE = YES_ERROR;
				CLANG_WARN_DOCUMENTATION_COMMENTS = YES;
				CLANG_WARN_EMPTY_BODY = YES;
				CLANG_WARN_ENUM_CONVERSION = YES;
				CLANG_WARN_INFINITE_RECURSION = YES;
				CLANG_WARN_INT_CONVERSION = YES;
				CLANG_WARN_OBJC_ROOT_CLASS = YES_ERROR;
				CLANG_WARN_SUSPICIOUS_MOVES = YES;
				CLANG_WARN_UNREACHABLE_CODE = YES;
				CLANG_WARN__DUPLICATE_METHOD_MATCH = YES;
				CODE_SIGN_IDENTITY = "-";
				COPY_PHASE_STRIP = NO;
				DEBUG_ACTIVITY_MODE = "";
				DEBUG_INFORMATION_FORMAT = "dwarf-with-dsym";
				ENABLE_NS_ASSERTIONS = NO;
				ENABLE_STRICT_OBJC_MSGSEND = YES;
				GCC_C_LANGUAGE_STANDARD = gnu99;
				GCC_NO_COMMON_BLOCKS = YES;
				GCC_WARN_64_TO_32_BIT_CONVERSION = YES;
				GCC_WARN_ABOUT_RETURN_TYPE = YES_ERROR;
				GCC_WARN_UNDECLARED_SELECTOR = YES;
				GCC_WARN_UNINITIALIZED_AUTOS = YES_AGGRESSIVE;
				GCC_WARN_UNUSED_FUNCTION = YES;
				GCC_WARN_UNUSED_VARIABLE = YES;
				MACOSX_DEPLOYMENT_TARGET = 10.12;
				SDKROOT = macosx;
			};
			name = Release;
		};
		49856C781DFA7AB3001DD3AE /* Debug */ = {
			isa = XCBuildConfiguration;
			buildSettings = {
				PRODUCT_NAME = "$(TARGET_NAME)";
			};
			name = Debug;
		};
		49856C791DFA7AB3001DD3AE /* Release */ = {
			isa = XCBuildConfiguration;
			buildSettings = {
				PRODUCT_NAME = "$(TARGET_NAME)";
			};
			name = Release;
		};
/* End XCBuildConfiguration section */

/* Begin XCConfigurationList section */
		49856C6B1DFA7AB3001DD3AE /* Build configuration list for PBXProject "LearnObjectiveC" */ = {
			isa = XCConfigurationList;
			buildConfigurations = (
				49856C751DFA7AB3001DD3AE /* Debug */,
				49856C761DFA7AB3001DD3AE /* Release */,
			);
			defaultConfigurationIsVisible = 0;
			defaultConfigurationName = Release;
		};
		49856C771DFA7AB3001DD3AE /* Build configuration list for PBXNativeTarget "LearnObjectiveC" */ = {
			isa = XCConfigurationList;
			buildConfigurations = (
				49856C781DFA7AB3001DD3AE /* Debug */,
				49856C791DFA7AB3001DD3AE /* Release */,
			);
			defaultConfigurationIsVisible = 0;
			defaultConfigurationName = Release;
		};
/* End XCConfigurationList section */
	};
	rootObject = 49856C681DFA7AB3001DD3AE /* Project object */;
}
